
Microsoft Visual Studio Solution File, Format Version 12.00
# Visual Studio 15
VisualStudioVersion = 15.0.28307.960
MinimumVisualStudioVersion = 10.0.40219.1
Project("{FAE04EC0-301F-11D3-BF4B-00C04F79EFBC}") = "VMC2GH", "VMC2GH\VMC2GH.csproj", "{B230FDBA-3DCD-478C-8EBB-03246A99EDC1}"
EndProject
Global
	GlobalSection(SolutionConfigurationPlatforms) = preSolution
		Debug|Any CPU = Debug|Any CPU
		Release|Any CPU = Release|Any CPU
	EndGlobalSection
	GlobalSection(ProjectConfigurationPlatforms) = postSolution
		{B230FDBA-3DCD-478C-8EBB-03246A99EDC1}.Debug|Any CPU.ActiveCfg = Debug|Any CPU
		{B230FDBA-3DCD-478C-8EBB-03246A99EDC1}.Debug|Any CPU.Build.0 = Debug|Any CPU
		{B230FDBA-3DCD-478C-8EBB-03246A99EDC1}.Release|Any CPU.ActiveCfg = Release|Any CPU
		{B230FDBA-3DCD-478C-8EBB-03246A99EDC1}.Release|Any CPU.Build.0 = Release|Any CPU
	EndGlobalSection
	GlobalSection(SolutionProperties) = preSolution
		HideSolutionNode = FALSE
	EndGlobalSection
	GlobalSection(ExtensibilityGlobals) = postSolution
		SolutionGuid = {86495135-6F0F-4EBC-A9D7-1EB416699F44}
	EndGlobalSection
EndGlobal
